// !$*UTF8*$!
{
	archiveVersion = 1;
	classes = {
	};
	objectVersion = 55;
	objects = {

/* Begin PBXBuildFile section */
		8E0CC7B227A6C75B0043AD33 /* AppDelegate.swift in Sources */ = {isa = PBXBuildFile; fileRef = 8E0CC7B127A6C75B0043AD33 /* AppDelegate.swift */; };
		8E0CC7B427A6C75B0043AD33 /* SceneDelegate.swift in Sources */ = {isa = PBXBuildFile; fileRef = 8E0CC7B327A6C75B0043AD33 /* SceneDelegate.swift */; };
		8E0CC7B627A6C75B0043AD33 /* MoviesListViewController.swift in Sources */ = {isa = PBXBuildFile; fileRef = 8E0CC7B527A6C75B0043AD33 /* MoviesListViewController.swift */; };
		8E0CC7BB27A6C7630043AD33 /* Assets.xcassets in Resources */ = {isa = PBXBuildFile; fileRef = 8E0CC7BA27A6C7630043AD33 /* Assets.xcassets */; };
		8E0CC7BE27A6C7630043AD33 /* LaunchScreen.storyboard in Resources */ = {isa = PBXBuildFile; fileRef = 8E0CC7BC27A6C7630043AD33 /* LaunchScreen.storyboard */; };
		8E0E8A9C27A705E5003DBBAB /* Movie.swift in Sources */ = {isa = PBXBuildFile; fileRef = 8E0E8A9B27A705E5003DBBAB /* Movie.swift */; };
		8E0E8AA127A70A98003DBBAB /* MovieDetailsViewController.swift in Sources */ = {isa = PBXBuildFile; fileRef = 8E0E8AA027A70A98003DBBAB /* MovieDetailsViewController.swift */; };
		8E0E8AA427A72962003DBBAB /* ItemTableViewCell.swift in Sources */ = {isa = PBXBuildFile; fileRef = 8E0E8AA327A72962003DBBAB /* ItemTableViewCell.swift */; };
		8E0E8AA627A73A7A003DBBAB /* MoviesListViewModel.swift in Sources */ = {isa = PBXBuildFile; fileRef = 8E0E8AA527A73A7A003DBBAB /* MoviesListViewModel.swift */; };
		8E0E8AA827A73B78003DBBAB /* APIClient.swift in Sources */ = {isa = PBXBuildFile; fileRef = 8E0E8AA727A73B78003DBBAB /* APIClient.swift */; };
		8E3347FD27A99FC900E1062F /* APIRequest.swift in Sources */ = {isa = PBXBuildFile; fileRef = 8E3347FC27A99FC900E1062F /* APIRequest.swift */; };
		8E33480127A9B7E300E1062F /* MovieDetailsViewModel.swift in Sources */ = {isa = PBXBuildFile; fileRef = 8E33480027A9B7E300E1062F /* MovieDetailsViewModel.swift */; };
		8E33480327A9C89600E1062F /* Bindable.swift in Sources */ = {isa = PBXBuildFile; fileRef = 8E33480227A9C89600E1062F /* Bindable.swift */; };
		8E33480527A9CAF200E1062F /* DoubleLabelView.swift in Sources */ = {isa = PBXBuildFile; fileRef = 8E33480427A9CAF200E1062F /* DoubleLabelView.swift */; };
		CBE3DB1A7D57991D94CA1BF0 /* Pods_HusqvarnaTest.framework in Frameworks */ = {isa = PBXBuildFile; fileRef = 0F8230613BA77D60E76BBBB3 /* Pods_HusqvarnaTest.framework */; };
/* End PBXBuildFile section */

/* Begin PBXFileReference section */
		0F8230613BA77D60E76BBBB3 /* Pods_HusqvarnaTest.framework */ = {isa = PBXFileReference; explicitFileType = wrapper.framework; includeInIndex = 0; path = Pods_HusqvarnaTest.framework; sourceTree = BUILT_PRODUCTS_DIR; };
		5B251F29673AB3E8BA32C002 /* Pods-HusqvarnaTest.release.xcconfig */ = {isa = PBXFileReference; includeInIndex = 1; lastKnownFileType = text.xcconfig; name = "Pods-HusqvarnaTest.release.xcconfig"; path = "Target Support Files/Pods-HusqvarnaTest/Pods-HusqvarnaTest.release.xcconfig"; sourceTree = "<group>"; };
		65B2057729EB51C1F07FFA39 /* Pods-HusqvarnaTest.debug.xcconfig */ = {isa = PBXFileReference; includeInIndex = 1; lastKnownFileType = text.xcconfig; name = "Pods-HusqvarnaTest.debug.xcconfig"; path = "Target Support Files/Pods-HusqvarnaTest/Pods-HusqvarnaTest.debug.xcconfig"; sourceTree = "<group>"; };
		8E0CC7AE27A6C75A0043AD33 /* HusqvarnaTest.app */ = {isa = PBXFileReference; explicitFileType = wrapper.application; includeInIndex = 0; path = HusqvarnaTest.app; sourceTree = BUILT_PRODUCTS_DIR; };
		8E0CC7B127A6C75B0043AD33 /* AppDelegate.swift */ = {isa = PBXFileReference; lastKnownFileType = sourcecode.swift; path = AppDelegate.swift; sourceTree = "<group>"; };
		8E0CC7B327A6C75B0043AD33 /* SceneDelegate.swift */ = {isa = PBXFileReference; lastKnownFileType = sourcecode.swift; path = SceneDelegate.swift; sourceTree = "<group>"; };
		8E0CC7B527A6C75B0043AD33 /* MoviesListViewController.swift */ = {isa = PBXFileReference; lastKnownFileType = sourcecode.swift; path = MoviesListViewController.swift; sourceTree = "<group>"; };
		8E0CC7BA27A6C7630043AD33 /* Assets.xcassets */ = {isa = PBXFileReference; lastKnownFileType = folder.assetcatalog; path = Assets.xcassets; sourceTree = "<group>"; };
		8E0CC7BD27A6C7630043AD33 /* Base */ = {isa = PBXFileReference; lastKnownFileType = file.storyboard; name = Base; path = Base.lproj/LaunchScreen.storyboard; sourceTree = "<group>"; };
		8E0CC7BF27A6C7630043AD33 /* Info.plist */ = {isa = PBXFileReference; lastKnownFileType = text.plist.xml; path = Info.plist; sourceTree = "<group>"; };
		8E0E8A9B27A705E5003DBBAB /* Movie.swift */ = {isa = PBXFileReference; lastKnownFileType = sourcecode.swift; path = Movie.swift; sourceTree = "<group>"; };
		8E0E8AA027A70A98003DBBAB /* MovieDetailsViewController.swift */ = {isa = PBXFileReference; lastKnownFileType = sourcecode.swift; path = MovieDetailsViewController.swift; sourceTree = "<group>"; };
		8E0E8AA327A72962003DBBAB /* ItemTableViewCell.swift */ = {isa = PBXFileReference; lastKnownFileType = sourcecode.swift; path = ItemTableViewCell.swift; sourceTree = "<group>"; };
		8E0E8AA527A73A7A003DBBAB /* MoviesListViewModel.swift */ = {isa = PBXFileReference; lastKnownFileType = sourcecode.swift; path = MoviesListViewModel.swift; sourceTree = "<group>"; };
		8E0E8AA727A73B78003DBBAB /* APIClient.swift */ = {isa = PBXFileReference; lastKnownFileType = sourcecode.swift; path = APIClient.swift; sourceTree = "<group>"; };
		8E3347FC27A99FC900E1062F /* APIRequest.swift */ = {isa = PBXFileReference; lastKnownFileType = sourcecode.swift; path = APIRequest.swift; sourceTree = "<group>"; };
		8E33480027A9B7E300E1062F /* MovieDetailsViewModel.swift */ = {isa = PBXFileReference; lastKnownFileType = sourcecode.swift; path = MovieDetailsViewModel.swift; sourceTree = "<group>"; };
		8E33480227A9C89600E1062F /* Bindable.swift */ = {isa = PBXFileReference; lastKnownFileType = sourcecode.swift; path = Bindable.swift; sourceTree = "<group>"; };
		8E33480427A9CAF200E1062F /* DoubleLabelView.swift */ = {isa = PBXFileReference; lastKnownFileType = sourcecode.swift; path = DoubleLabelView.swift; sourceTree = "<group>"; };
/* End PBXFileReference section */

/* Begin PBXFrameworksBuildPhase section */
		8E0CC7AB27A6C75A0043AD33 /* Frameworks */ = {
			isa = PBXFrameworksBuildPhase;
			buildActionMask = 2147483647;
			files = (
				CBE3DB1A7D57991D94CA1BF0 /* Pods_HusqvarnaTest.framework in Frameworks */,
			);
			runOnlyForDeploymentPostprocessing = 0;
		};
/* End PBXFrameworksBuildPhase section */

/* Begin PBXGroup section */
		24B84803E893691E515421AF /* Frameworks */ = {
			isa = PBXGroup;
			children = (
				0F8230613BA77D60E76BBBB3 /* Pods_HusqvarnaTest.framework */,
			);
			name = Frameworks;
			sourceTree = "<group>";
		};
		6C7C486ACADD805D900A7F5F /* Pods */ = {
			isa = PBXGroup;
			children = (
				65B2057729EB51C1F07FFA39 /* Pods-HusqvarnaTest.debug.xcconfig */,
				5B251F29673AB3E8BA32C002 /* Pods-HusqvarnaTest.release.xcconfig */,
			);
			path = Pods;
			sourceTree = "<group>";
		};
		8E0CC7A527A6C75A0043AD33 = {
			isa = PBXGroup;
			children = (
				8E0CC7B027A6C75A0043AD33 /* HusqvarnaTest */,
				8E0CC7AF27A6C75A0043AD33 /* Products */,
				6C7C486ACADD805D900A7F5F /* Pods */,
				24B84803E893691E515421AF /* Frameworks */,
			);
			sourceTree = "<group>";
		};
		8E0CC7AF27A6C75A0043AD33 /* Products */ = {
			isa = PBXGroup;
			children = (
				8E0CC7AE27A6C75A0043AD33 /* HusqvarnaTest.app */,
			);
			name = Products;
			sourceTree = "<group>";
		};
		8E0CC7B027A6C75A0043AD33 /* HusqvarnaTest */ = {
			isa = PBXGroup;
			children = (
				8E0E8A9F27A709F3003DBBAB /* Common */,
				8E0E8A9727A6EE87003DBBAB /* ViewController */,
				8E0E8AA227A72935003DBBAB /* View */,
				8E0E8A9627A6EE80003DBBAB /* ViewModel */,
				8E0E8A9527A6EE7C003DBBAB /* Model */,
				8E0E8A9427A6E3F6003DBBAB /* Service */,
				8E0CC7BA27A6C7630043AD33 /* Assets.xcassets */,
				8E0CC7BC27A6C7630043AD33 /* LaunchScreen.storyboard */,
				8E0CC7BF27A6C7630043AD33 /* Info.plist */,
			);
			path = HusqvarnaTest;
			sourceTree = "<group>";
		};
		8E0E8A9427A6E3F6003DBBAB /* Service */ = {
			isa = PBXGroup;
			children = (
				8E0E8AA727A73B78003DBBAB /* APIClient.swift */,
				8E3347FC27A99FC900E1062F /* APIRequest.swift */,
			);
			path = Service;
			sourceTree = "<group>";
		};
		8E0E8A9527A6EE7C003DBBAB /* Model */ = {
			isa = PBXGroup;
			children = (
				8E0E8A9B27A705E5003DBBAB /* Movie.swift */,
			);
			path = Model;
			sourceTree = "<group>";
		};
		8E0E8A9627A6EE80003DBBAB /* ViewModel */ = {
			isa = PBXGroup;
			children = (
				8E0E8AA527A73A7A003DBBAB /* MoviesListViewModel.swift */,
				8E33480027A9B7E300E1062F /* MovieDetailsViewModel.swift */,
			);
			path = ViewModel;
			sourceTree = "<group>";
		};
		8E0E8A9727A6EE87003DBBAB /* ViewController */ = {
			isa = PBXGroup;
			children = (
				8E0CC7B527A6C75B0043AD33 /* MoviesListViewController.swift */,
				8E0E8AA027A70A98003DBBAB /* MovieDetailsViewController.swift */,
			);
			path = ViewController;
			sourceTree = "<group>";
		};
		8E0E8A9F27A709F3003DBBAB /* Common */ = {
			isa = PBXGroup;
			children = (
				8E0CC7B127A6C75B0043AD33 /* AppDelegate.swift */,
				8E0CC7B327A6C75B0043AD33 /* SceneDelegate.swift */,
				8E33480227A9C89600E1062F /* Bindable.swift */,
			);
			path = Common;
			sourceTree = "<group>";
		};
		8E0E8AA227A72935003DBBAB /* View */ = {
			isa = PBXGroup;
			children = (
				8E0E8AA327A72962003DBBAB /* ItemTableViewCell.swift */,
				8E33480427A9CAF200E1062F /* DoubleLabelView.swift */,
			);
			path = View;
			sourceTree = "<group>";
		};
/* End PBXGroup section */

/* Begin PBXNativeTarget section */
		8E0CC7AD27A6C75A0043AD33 /* HusqvarnaTest */ = {
			isa = PBXNativeTarget;
			buildConfigurationList = 8E0CC7C227A6C7630043AD33 /* Build configuration list for PBXNativeTarget "HusqvarnaTest" */;
			buildPhases = (
				354B8E8666DE1BF9B1A8C22C /* [CP] Check Pods Manifest.lock */,
				8E0CC7AA27A6C75A0043AD33 /* Sources */,
				8E0CC7AB27A6C75A0043AD33 /* Frameworks */,
				8E0CC7AC27A6C75A0043AD33 /* Resources */,
				3D8CE1A21FCD77A28D42137D /* [CP] Embed Pods Frameworks */,
			);
			buildRules = (
			);
			dependencies = (
			);
			name = HusqvarnaTest;
			productName = HusqvarnaTest;
			productReference = 8E0CC7AE27A6C75A0043AD33 /* HusqvarnaTest.app */;
			productType = "com.apple.product-type.application";
		};
/* End PBXNativeTarget section */

/* Begin PBXProject section */
		8E0CC7A627A6C75A0043AD33 /* Project object */ = {
			isa = PBXProject;
			attributes = {
				BuildIndependentTargetsInParallel = 1;
				LastSwiftUpdateCheck = 1320;
				LastUpgradeCheck = 1320;
				TargetAttributes = {
					8E0CC7AD27A6C75A0043AD33 = {
						CreatedOnToolsVersion = 13.2;
					};
				};
			};
			buildConfigurationList = 8E0CC7A927A6C75A0043AD33 /* Build configuration list for PBXProject "HusqvarnaTest" */;
			compatibilityVersion = "Xcode 13.0";
			developmentRegion = en;
			hasScannedForEncodings = 0;
			knownRegions = (
				en,
				Base,
			);
			mainGroup = 8E0CC7A527A6C75A0043AD33;
			productRefGroup = 8E0CC7AF27A6C75A0043AD33 /* Products */;
			projectDirPath = "";
			projectRoot = "";
			targets = (
				8E0CC7AD27A6C75A0043AD33 /* HusqvarnaTest */,
			);
		};
/* End PBXProject section */

/* Begin PBXResourcesBuildPhase section */
		8E0CC7AC27A6C75A0043AD33 /* Resources */ = {
			isa = PBXResourcesBuildPhase;
			buildActionMask = 2147483647;
			files = (
				8E0CC7BE27A6C7630043AD33 /* LaunchScreen.storyboard in Resources */,
				8E0CC7BB27A6C7630043AD33 /* Assets.xcassets in Resources */,
			);
			runOnlyForDeploymentPostprocessing = 0;
		};
/* End PBXResourcesBuildPhase section */

/* Begin PBXShellScriptBuildPhase section */
		354B8E8666DE1BF9B1A8C22C /* [CP] Check Pods Manifest.lock */ = {
			isa = PBXShellScriptBuildPhase;
			buildActionMask = 2147483647;
			files = (
			);
			inputFileListPaths = (
			);
			inputPaths = (
				"${PODS_PODFILE_DIR_PATH}/Podfile.lock",
				"${PODS_ROOT}/Manifest.lock",
			);
			name = "[CP] Check Pods Manifest.lock";
			outputFileListPaths = (
			);
			outputPaths = (
				"$(DERIVED_FILE_DIR)/Pods-HusqvarnaTest-checkManifestLockResult.txt",
			);
			runOnlyForDeploymentPostprocessing = 0;
			shellPath = /bin/sh;
			shellScript = "diff \"${PODS_PODFILE_DIR_PATH}/Podfile.lock\" \"${PODS_ROOT}/Manifest.lock\" > /dev/null\nif [ $? != 0 ] ; then\n    # print error to STDERR\n    echo \"error: The sandbox is not in sync with the Podfile.lock. Run 'pod install' or update your CocoaPods installation.\" >&2\n    exit 1\nfi\n# This output is used by Xcode 'outputs' to avoid re-running this script phase.\necho \"SUCCESS\" > \"${SCRIPT_OUTPUT_FILE_0}\"\n";
			showEnvVarsInLog = 0;
		};
		3D8CE1A21FCD77A28D42137D /* [CP] Embed Pods Frameworks */ = {
			isa = PBXShellScriptBuildPhase;
			buildActionMask = 2147483647;
			files = (
			);
			inputFileListPaths = (
				"${PODS_ROOT}/Target Support Files/Pods-HusqvarnaTest/Pods-HusqvarnaTest-frameworks-${CONFIGURATION}-input-files.xcfilelist",
			);
			name = "[CP] Embed Pods Frameworks";
			outputFileListPaths = (
				"${PODS_ROOT}/Target Support Files/Pods-HusqvarnaTest/Pods-HusqvarnaTest-frameworks-${CONFIGURATION}-output-files.xcfilelist",
			);
			runOnlyForDeploymentPostprocessing = 0;
			shellPath = /bin/sh;
			shellScript = "\"${PODS_ROOT}/Target Support Files/Pods-HusqvarnaTest/Pods-HusqvarnaTest-frameworks.sh\"\n";
			showEnvVarsInLog = 0;
		};
/* End PBXShellScriptBuildPhase section */

/* Begin PBXSourcesBuildPhase section */
		8E0CC7AA27A6C75A0043AD33 /* Sources */ = {
			isa = PBXSourcesBuildPhase;
			buildActionMask = 2147483647;
			files = (
				8E33480527A9CAF200E1062F /* DoubleLabelView.swift in Sources */,
				8E0CC7B627A6C75B0043AD33 /* MoviesListViewController.swift in Sources */,
				8E0CC7B227A6C75B0043AD33 /* AppDelegate.swift in Sources */,
				8E33480327A9C89600E1062F /* Bindable.swift in Sources */,
				8E0E8AA127A70A98003DBBAB /* MovieDetailsViewController.swift in Sources */,
				8E0E8A9C27A705E5003DBBAB /* Movie.swift in Sources */,
				8E0CC7B427A6C75B0043AD33 /* SceneDelegate.swift in Sources */,
				8E33480127A9B7E300E1062F /* MovieDetailsViewModel.swift in Sources */,
				8E0E8AA427A72962003DBBAB /* ItemTableViewCell.swift in Sources */,
				8E0E8AA627A73A7A003DBBAB /* MoviesListViewModel.swift in Sources */,
				8E3347FD27A99FC900E1062F /* APIRequest.swift in Sources */,
				8E0E8AA827A73B78003DBBAB /* APIClient.swift in Sources */,
			);
			runOnlyForDeploymentPostprocessing = 0;
		};
/* End PBXSourcesBuildPhase section */

/* Begin PBXVariantGroup section */
		8E0CC7BC27A6C7630043AD33 /* LaunchScreen.storyboard */ = {
			isa = PBXVariantGroup;
			children = (
				8E0CC7BD27A6C7630043AD33 /* Base */,
			);
			name = LaunchScreen.storyboard;
			sourceTree = "<group>";
		};
/* End PBXVariantGroup section */

/* Begin XCBuildConfiguration section */
		8E0CC7C027A6C7630043AD33 /* Debug */ = {
			isa = XCBuildConfiguration;
			buildSettings = {
				ALWAYS_SEARCH_USER_PATHS = NO;
				CLANG_ANALYZER_NONNULL = YES;
				CLANG_ANALYZER_NUMBER_OBJECT_CONVERSION = YES_AGGRESSIVE;
				CLANG_CXX_LANGUAGE_STANDARD = "gnu++17";
				CLANG_CXX_LIBRARY = "libc++";
				CLANG_ENABLE_MODULES = YES;
				CLANG_ENABLE_OBJC_ARC = YES;
				CLANG_ENABLE_OBJC_WEAK = YES;
				CLANG_WARN_BLOCK_CAPTURE_AUTORELEASING = YES;
				CLANG_WARN_BOOL_CONVERSION = YES;
				CLANG_WARN_COMMA = YES;
				CLANG_WARN_CONSTANT_CONVERSION = YES;
				CLANG_WARN_DEPRECATED_OBJC_IMPLEMENTATIONS = YES;
				CLANG_WARN_DIRECT_OBJC_ISA_USAGE = YES_ERROR;
				CLANG_WARN_DOCUMENTATION_COMMENTS = YES;
				CLANG_WARN_EMPTY_BODY = YES;
				CLANG_WARN_ENUM_CONVERSION = YES;
				CLANG_WARN_INFINITE_RECURSION = YES;
				CLANG_WARN_INT_CONVERSION = YES;
				CLANG_WARN_NON_LITERAL_NULL_CONVERSION = YES;
				CLANG_WARN_OBJC_IMPLICIT_RETAIN_SELF = YES;
				CLANG_WARN_OBJC_LITERAL_CONVERSION = YES;
				CLANG_WARN_OBJC_ROOT_CLASS = YES_ERROR;
				CLANG_WARN_QUOTED_INCLUDE_IN_FRAMEWORK_HEADER = YES;
				CLANG_WARN_RANGE_LOOP_ANALYSIS = YES;
				CLANG_WARN_STRICT_PROTOTYPES = YES;
				CLANG_WARN_SUSPICIOUS_MOVE = YES;
				CLANG_WARN_UNGUARDED_AVAILABILITY = YES_AGGRESSIVE;
				CLANG_WARN_UNREACHABLE_CODE = YES;
				CLANG_WARN__DUPLICATE_METHOD_MATCH = YES;
				COPY_PHASE_STRIP = NO;
				DEBUG_INFORMATION_FORMAT = dwarf;
				ENABLE_STRICT_OBJC_MSGSEND = YES;
				ENABLE_TESTABILITY = YES;
				GCC_C_LANGUAGE_STANDARD = gnu11;
				GCC_DYNAMIC_NO_PIC = NO;
				GCC_NO_COMMON_BLOCKS = YES;
				GCC_OPTIMIZATION_LEVEL = 0;
				GCC_PREPROCESSOR_DEFINITIONS = (
					"DEBUG=1",
					"$(inherited)",
				);
				GCC_WARN_64_TO_32_BIT_CONVERSION = YES;
				GCC_WARN_ABOUT_RETURN_TYPE = YES_ERROR;
				GCC_WARN_UNDECLARED_SELECTOR = YES;
				GCC_WARN_UNINITIALIZED_AUTOS = YES_AGGRESSIVE;
				GCC_WARN_UNUSED_FUNCTION = YES;
				GCC_WARN_UNUSED_VARIABLE = YES;
				IPHONEOS_DEPLOYMENT_TARGET = 15.2;
				MTL_ENABLE_DEBUG_INFO = INCLUDE_SOURCE;
				MTL_FAST_MATH = YES;
				ONLY_ACTIVE_ARCH = YES;
				SDKROOT = iphoneos;
				SWIFT_ACTIVE_COMPILATION_CONDITIONS = DEBUG;
				SWIFT_OPTIMIZATION_LEVEL = "-Onone";
			};
			name = Debug;
		};
		8E0CC7C127A6C7630043AD33 /* Release */ = {
			isa = XCBuildConfiguration;
			buildSettings = {
				ALWAYS_SEARCH_USER_PATHS = NO;
				CLANG_ANALYZER_NONNULL = YES;
				CLANG_ANALYZER_NUMBER_OBJECT_CONVERSION = YES_AGGRESSIVE;
				CLANG_CXX_LANGUAGE_STANDARD = "gnu++17";
				CLANG_CXX_LIBRARY = "libc++";
				CLANG_ENABLE_MODULES = YES;
				CLANG_ENABLE_OBJC_ARC = YES;
				CLANG_ENABLE_OBJC_WEAK = YES;
				CLANG_WARN_BLOCK_CAPTURE_AUTORELEASING = YES;
				CLANG_WARN_BOOL_CONVERSION = YES;
				CLANG_WARN_COMMA = YES;
				CLANG_WARN_CONSTANT_CONVERSION = YES;
				CLANG_WARN_DEPRECATED_OBJC_IMPLEMENTATIONS = YES;
				CLANG_WARN_DIRECT_OBJC_ISA_USAGE = YES_ERROR;
				CLANG_WARN_DOCUMENTATION_COMMENTS = YES;
				CLANG_WARN_EMPTY_BODY = YES;
				CLANG_WARN_ENUM_CONVERSION = YES;
				CLANG_WARN_INFINITE_RECURSION = YES;
				CLANG_WARN_INT_CONVERSION = YES;
				CLANG_WARN_NON_LITERAL_NULL_CONVERSION = YES;
				CLANG_WARN_OBJC_IMPLICIT_RETAIN_SELF = YES;
				CLANG_WARN_OBJC_LITERAL_CONVERSION = YES;
				CLANG_WARN_OBJC_ROOT_CLASS = YES_ERROR;
				CLANG_WARN_QUOTED_INCLUDE_IN_FRAMEWORK_HEADER = YES;
				CLANG_WARN_RANGE_LOOP_ANALYSIS = YES;
				CLANG_WARN_STRICT_PROTOTYPES = YES;
				CLANG_WARN_SUSPICIOUS_MOVE = YES;
				CLANG_WARN_UNGUARDED_AVAILABILITY = YES_AGGRESSIVE;
				CLANG_WARN_UNREACHABLE_CODE = YES;
				CLANG_WARN__DUPLICATE_METHOD_MATCH = YES;
				COPY_PHASE_STRIP = NO;
				DEBUG_INFORMATION_FORMAT = "dwarf-with-dsym";
				ENABLE_NS_ASSERTIONS = NO;
				ENABLE_STRICT_OBJC_MSGSEND = YES;
				GCC_C_LANGUAGE_STANDARD = gnu11;
				GCC_NO_COMMON_BLOCKS = YES;
				GCC_WARN_64_TO_32_BIT_CONVERSION = YES;
				GCC_WARN_ABOUT_RETURN_TYPE = YES_ERROR;
				GCC_WARN_UNDECLARED_SELECTOR = YES;
				GCC_WARN_UNINITIALIZED_AUTOS = YES_AGGRESSIVE;
				GCC_WARN_UNUSED_FUNCTION = YES;
				GCC_WARN_UNUSED_VARIABLE = YES;
				IPHONEOS_DEPLOYMENT_TARGET = 15.2;
				MTL_ENABLE_DEBUG_INFO = NO;
				MTL_FAST_MATH = YES;
				SDKROOT = iphoneos;
				SWIFT_COMPILATION_MODE = wholemodule;
				SWIFT_OPTIMIZATION_LEVEL = "-O";
				VALIDATE_PRODUCT = YES;
			};
			name = Release;
		};
		8E0CC7C327A6C7630043AD33 /* Debug */ = {
			isa = XCBuildConfiguration;
			baseConfigurationReference = 65B2057729EB51C1F07FFA39 /* Pods-HusqvarnaTest.debug.xcconfig */;
			buildSettings = {
				ASSETCATALOG_COMPILER_APPICON_NAME = AppIcon;
				ASSETCATALOG_COMPILER_GLOBAL_ACCENT_COLOR_NAME = AccentColor;
				CODE_SIGN_STYLE = Automatic;
				CURRENT_PROJECT_VERSION = 1;
				DEVELOPMENT_TEAM = 65N75297RC;
				GENERATE_INFOPLIST_FILE = YES;
				INFOPLIST_FILE = HusqvarnaTest/Info.plist;
				INFOPLIST_KEY_UIApplicationSupportsIndirectInputEvents = YES;
				INFOPLIST_KEY_UILaunchStoryboardName = LaunchScreen;
				INFOPLIST_KEY_UISupportedInterfaceOrientations_iPad = "UIInterfaceOrientationPortrait UIInterfaceOrientationPortraitUpsideDown UIInterfaceOrientationLandscapeLeft UIInterfaceOrientationLandscapeRight";
				INFOPLIST_KEY_UISupportedInterfaceOrientations_iPhone = "UIInterfaceOrientationPortrait UIInterfaceOrientationLandscapeLeft UIInterfaceOrientationLandscapeRight";
				LD_RUNPATH_SEARCH_PATHS = (
					"$(inherited)",
					"@executable_path/Frameworks",
				);
				MARKETING_VERSION = 1.0;
				PRODUCT_BUNDLE_IDENTIFIER = com.example.HusqvarnaTest;
				PRODUCT_NAME = "$(TARGET_NAME)";
				SWIFT_EMIT_LOC_STRINGS = YES;
				SWIFT_VERSION = 5.0;
				TARGETED_DEVICE_FAMILY = "1,2";
			};
			name = Debug;
		};
		8E0CC7C427A6C7630043AD33 /* Release */ = {
			isa = XCBuildConfiguration;
			baseConfigurationReference = 5B251F29673AB3E8BA32C002 /* Pods-HusqvarnaTest.release.xcconfig */;
			buildSettings = {
				ASSETCATALOG_COMPILER_APPICON_NAME = AppIcon;
				ASSETCATALOG_COMPILER_GLOBAL_ACCENT_COLOR_NAME = AccentColor;
				CODE_SIGN_STYLE = Automatic;
				CURRENT_PROJECT_VERSION = 1;
				DEVELOPMENT_TEAM = 65N75297RC;
				GENERATE_INFOPLIST_FILE = YES;
				INFOPLIST_FILE = HusqvarnaTest/Info.plist;
				INFOPLIST_KEY_UIApplicationSupportsIndirectInputEvents = YES;
				INFOPLIST_KEY_UILaunchStoryboardName = LaunchScreen;
				INFOPLIST_KEY_UISupportedInterfaceOrientations_iPad = "UIInterfaceOrientationPortrait UIInterfaceOrientationPortraitUpsideDown UIInterfaceOrientationLandscapeLeft UIInterfaceOrientationLandscapeRight";
				INFOPLIST_KEY_UISupportedInterfaceOrientations_iPhone = "UIInterfaceOrientationPortrait UIInterfaceOrientationLandscapeLeft UIInterfaceOrientationLandscapeRight";
				LD_RUNPATH_SEARCH_PATHS = (
					"$(inherited)",
					"@executable_path/Frameworks",
				);
				MARKETING_VERSION = 1.0;
				PRODUCT_BUNDLE_IDENTIFIER = com.example.HusqvarnaTest;
				PRODUCT_NAME = "$(TARGET_NAME)";
				SWIFT_EMIT_LOC_STRINGS = YES;
				SWIFT_VERSION = 5.0;
				TARGETED_DEVICE_FAMILY = "1,2";
			};
			name = Release;
		};
/* End XCBuildConfiguration section */

/* Begin XCConfigurationList section */
		8E0CC7A927A6C75A0043AD33 /* Build configuration list for PBXProject "HusqvarnaTest" */ = {
			isa = XCConfigurationList;
			buildConfigurations = (
				8E0CC7C027A6C7630043AD33 /* Debug */,
				8E0CC7C127A6C7630043AD33 /* Release */,
			);
			defaultConfigurationIsVisible = 0;
			defaultConfigurationName = Release;
		};
		8E0CC7C227A6C7630043AD33 /* Build configuration list for PBXNativeTarget "HusqvarnaTest" */ = {
			isa = XCConfigurationList;
			buildConfigurations = (
				8E0CC7C327A6C7630043AD33 /* Debug */,
				8E0CC7C427A6C7630043AD33 /* Release */,
			);
			defaultConfigurationIsVisible = 0;
			defaultConfigurationName = Release;
		};
/* End XCConfigurationList section */
	};
	rootObject = 8E0CC7A627A6C75A0043AD33 /* Project object */;
}
